
Microsoft Visual Studio Solution File, Format Version 12.00
# Visual Studio Version 17
VisualStudioVersion = 17.7.34018.315
MinimumVisualStudioVersion = 10.0.40219.1
Project("{FAE04EC0-301F-11D3-BF4B-00C04F79EFBC}") = "uppgift 1.3", "uppgift 1.3\uppgift 1.3.csproj", "{815696ED-4B71-4899-A88C-DDD5641FE033}"
EndProject
Global
	GlobalSection(SolutionConfigurationPlatforms) = preSolution
		Debug|Any CPU = Debug|Any CPU
		Release|Any CPU = Release|Any CPU
	EndGlobalSection
	GlobalSection(ProjectConfigurationPlatforms) = postSolution
		{815696ED-4B71-4899-A88C-DDD5641FE033}.Debug|Any CPU.ActiveCfg = Debug|Any CPU
		{815696ED-4B71-4899-A88C-DDD5641FE033}.Debug|Any CPU.Build.0 = Debug|Any CPU
		{815696ED-4B71-4899-A88C-DDD5641FE033}.Release|Any CPU.ActiveCfg = Release|Any CPU
		{815696ED-4B71-4899-A88C-DDD5641FE033}.Release|Any CPU.Build.0 = Release|Any CPU
	EndGlobalSection
	GlobalSection(SolutionProperties) = preSolution
		HideSolutionNode = FALSE
	EndGlobalSection
	GlobalSection(ExtensibilityGlobals) = postSolution
		SolutionGuid = {6A8797A9-5709-43AD-987E-09E54B09F6DC}
	EndGlobalSection
EndGlobal
